
Microsoft Visual Studio Solution File, Format Version 12.00
# Visual Studio Version 17
VisualStudioVersion = 17.14.36414.22 d17.14
MinimumVisualStudioVersion = 10.0.40219.1
Project("{FAE04EC0-301F-11D3-BF4B-00C04F79EFBC}") = "finding_number_game", "finding_number_game\finding_number_game.csproj", "{CE884D34-BF77-4221-BF75-12271C65C34E}"
EndProject
Global
	GlobalSection(SolutionConfigurationPlatforms) = preSolution
		Debug|Any CPU = Debug|Any CPU
		Release|Any CPU = Release|Any CPU
	EndGlobalSection
	GlobalSection(ProjectConfigurationPlatforms) = postSolution
		{CE884D34-BF77-4221-BF75-12271C65C34E}.Debug|Any CPU.ActiveCfg = Debug|Any CPU
		{CE884D34-BF77-4221-BF75-12271C65C34E}.Debug|Any CPU.Build.0 = Debug|Any CPU
		{CE884D34-BF77-4221-BF75-12271C65C34E}.Release|Any CPU.ActiveCfg = Release|Any CPU
		{CE884D34-BF77-4221-BF75-12271C65C34E}.Release|Any CPU.Build.0 = Release|Any CPU
	EndGlobalSection
	GlobalSection(SolutionProperties) = preSolution
		HideSolutionNode = FALSE
	EndGlobalSection
	GlobalSection(ExtensibilityGlobals) = postSolution
		SolutionGuid = {244ED137-058E-4E44-BD0B-6DF3DFDBCDC2}
	EndGlobalSection
EndGlobal
